
Microsoft Visual Studio Solution File, Format Version 12.00
# Visual Studio 15
Project("{FAE04EC0-301F-11D3-BF4B-00C04F79EFBC}") = "Assembly-CSharp", "Assembly-CSharp.csproj", "{2006CBE6-F5FD-C052-8603-B72AE82D8EBC}"
EndProject
Project("{FAE04EC0-301F-11D3-BF4B-00C04F79EFBC}") = "Assembly-CSharp-Editor", "Assembly-CSharp-Editor.csproj", "{539B27C4-00D3-A746-6144-407B46DBB76F}"
EndProject
Global
	GlobalSection(SolutionConfigurationPlatforms) = preSolution
		Debug|Any CPU = Debug|Any CPU
		Release|Any CPU = Release|Any CPU
	EndGlobalSection
	GlobalSection(ProjectConfigurationPlatforms) = postSolution
		{2006CBE6-F5FD-C052-8603-B72AE82D8EBC}.Debug|Any CPU.ActiveCfg = Debug|Any CPU
		{2006CBE6-F5FD-C052-8603-B72AE82D8EBC}.Debug|Any CPU.Build.0 = Debug|Any CPU
		{2006CBE6-F5FD-C052-8603-B72AE82D8EBC}.Release|Any CPU.ActiveCfg = Release|Any CPU
		{2006CBE6-F5FD-C052-8603-B72AE82D8EBC}.Release|Any CPU.Build.0 = Release|Any CPU
		{539B27C4-00D3-A746-6144-407B46DBB76F}.Debug|Any CPU.ActiveCfg = Debug|Any CPU
		{539B27C4-00D3-A746-6144-407B46DBB76F}.Debug|Any CPU.Build.0 = Debug|Any CPU
		{539B27C4-00D3-A746-6144-407B46DBB76F}.Release|Any CPU.ActiveCfg = Release|Any CPU
		{539B27C4-00D3-A746-6144-407B46DBB76F}.Release|Any CPU.Build.0 = Release|Any CPU
	EndGlobalSection
	GlobalSection(SolutionProperties) = preSolution
		HideSolutionNode = FALSE
	EndGlobalSection
EndGlobal
